
Microsoft Visual Studio Solution File, Format Version 12.00
# Visual Studio Version 17
VisualStudioVersion = 17.0.31903.59
MinimumVisualStudioVersion = 10.0.40219.1
Project("{2150E333-8FDC-42A3-9474-1A3956D46DE8}") = "src", "src", "{827E0CD3-B72D-47B6-A68D-7590B98EB39B}"
EndProject
Project("{FAE04EC0-301F-11D3-BF4B-00C04F79EFBC}") = "Fairline.AppHost", "src\Fairline.AppHost\Fairline.AppHost.csproj", "{F0FD2CD4-AD1B-47D2-A445-D0B2CC239197}"
EndProject
Project("{FAE04EC0-301F-11D3-BF4B-00C04F79EFBC}") = "Fairline.Api", "src\Fairline.Api\Fairline.Api.csproj", "{66C02B90-6625-41BF-875A-35BF1418C53B}"
EndProject
Project("{FAE04EC0-301F-11D3-BF4B-00C04F79EFBC}") = "Fairline.ServiceDefaults", "src\Fairline.ServiceDefaults\Fairline.ServiceDefaults.csproj", "{A6FF4E12-DD4B-4B70-A30B-7D5966D3B7FD}"
EndProject
Project("{FAE04EC0-301F-11D3-BF4B-00C04F79EFBC}") = "Fairline.Application", "src\Fairline.Application\Fairline.Application.csproj", "{6C200299-B936-4037-8D3F-43DA1104B52A}"
EndProject
Project("{FAE04EC0-301F-11D3-BF4B-00C04F79EFBC}") = "Fairline.Abstractions", "src\Fairline.Abstractions\Fairline.Abstractions.csproj", "{2000981A-3268-4497-81B3-E801BF51D97B}"
EndProject
Project("{FAE04EC0-301F-11D3-BF4B-00C04F79EFBC}") = "Fairline.Domain", "src\Fairline.Domain\Fairline.Domain.csproj", "{378142AE-7B65-4EC7-AEE9-4A3FF13552FE}"
EndProject
Project("{FAE04EC0-301F-11D3-BF4B-00C04F79EFBC}") = "Fairline.Infrastructure", "src\Fairline.Infrastructure\Fairline.Infrastructure.csproj", "{9EC09DF5-C915-4F0D-A87D-735FA270F6EB}"
EndProject
Project("{FAE04EC0-301F-11D3-BF4B-00C04F79EFBC}") = "Fairline.Migrator", "src\Fairline.Migrator\Fairline.Migrator.csproj", "{40A8966C-CEEF-479C-9C0A-BBD9EDAA09FA}"
EndProject
Project("{2150E333-8FDC-42A3-9474-1A3956D46DE8}") = "tests", "tests", "{0AB3BF05-4346-4AA6-1389-037BE0695223}"
EndProject
Project("{FAE04EC0-301F-11D3-BF4B-00C04F79EFBC}") = "Fairline.Domain.Tests", "tests\Fairline.Domain.Tests\Fairline.Domain.Tests.csproj", "{A235FB63-913D-401D-9697-8824A849B40A}"
EndProject
Project("{FAE04EC0-301F-11D3-BF4B-00C04F79EFBC}") = "Fairline.Application.Tests", "tests\Fairline.Application.Tests\Fairline.Application.Tests.csproj", "{818DA48F-28FE-4148-8C7C-4320BFC39D2B}"
EndProject
Project("{FAE04EC0-301F-11D3-BF4B-00C04F79EFBC}") = "Fairline.Infrastructure.Tests", "tests\Fairline.Infrastructure.Tests\Fairline.Infrastructure.Tests.csproj", "{78C92EAF-6BFD-463B-B79E-2BCA89652FDA}"
EndProject
Project("{FAE04EC0-301F-11D3-BF4B-00C04F79EFBC}") = "Fairline.Api.Tests", "tests\Fairline.Api.Tests\Fairline.Api.Tests.csproj", "{4979225B-9496-40D1-AEBE-37DBF35EE3BB}"
EndProject
Global
	GlobalSection(SolutionConfigurationPlatforms) = preSolution
		Debug|Any CPU = Debug|Any CPU
		Debug|x64 = Debug|x64
		Debug|x86 = Debug|x86
		Release|Any CPU = Release|Any CPU
		Release|x64 = Release|x64
		Release|x86 = Release|x86
	EndGlobalSection
	GlobalSection(ProjectConfigurationPlatforms) = postSolution
		{F0FD2CD4-AD1B-47D2-A445-D0B2CC239197}.Debug|Any CPU.ActiveCfg = Debug|Any CPU
		{F0FD2CD4-AD1B-47D2-A445-D0B2CC239197}.Debug|Any CPU.Build.0 = Debug|Any CPU
		{F0FD2CD4-AD1B-47D2-A445-D0B2CC239197}.Debug|x64.ActiveCfg = Debug|Any CPU
		{F0FD2CD4-AD1B-47D2-A445-D0B2CC239197}.Debug|x64.Build.0 = Debug|Any CPU
		{F0FD2CD4-AD1B-47D2-A445-D0B2CC239197}.Debug|x86.ActiveCfg = Debug|Any CPU
		{F0FD2CD4-AD1B-47D2-A445-D0B2CC239197}.Debug|x86.Build.0 = Debug|Any CPU
		{F0FD2CD4-AD1B-47D2-A445-D0B2CC239197}.Release|Any CPU.ActiveCfg = Release|Any CPU
		{F0FD2CD4-AD1B-47D2-A445-D0B2CC239197}.Release|Any CPU.Build.0 = Release|Any CPU
		{F0FD2CD4-AD1B-47D2-A445-D0B2CC239197}.Release|x64.ActiveCfg = Release|Any CPU
		{F0FD2CD4-AD1B-47D2-A445-D0B2CC239197}.Release|x64.Build.0 = Release|Any CPU
		{F0FD2CD4-AD1B-47D2-A445-D0B2CC239197}.Release|x86.ActiveCfg = Release|Any CPU
		{F0FD2CD4-AD1B-47D2-A445-D0B2CC239197}.Release|x86.Build.0 = Release|Any CPU
		{66C02B90-6625-41BF-875A-35BF1418C53B}.Debug|Any CPU.ActiveCfg = Debug|Any CPU
		{66C02B90-6625-41BF-875A-35BF1418C53B}.Debug|Any CPU.Build.0 = Debug|Any CPU
		{66C02B90-6625-41BF-875A-35BF1418C53B}.Debug|x64.ActiveCfg = Debug|Any CPU
		{66C02B90-6625-41BF-875A-35BF1418C53B}.Debug|x64.Build.0 = Debug|Any CPU
		{66C02B90-6625-41BF-875A-35BF1418C53B}.Debug|x86.ActiveCfg = Debug|Any CPU
		{66C02B90-6625-41BF-875A-35BF1418C53B}.Debug|x86.Build.0 = Debug|Any CPU
		{66C02B90-6625-41BF-875A-35BF1418C53B}.Release|Any CPU.ActiveCfg = Release|Any CPU
		{66C02B90-6625-41BF-875A-35BF1418C53B}.Release|Any CPU.Build.0 = Release|Any CPU
		{66C02B90-6625-41BF-875A-35BF1418C53B}.Release|x64.ActiveCfg = Release|Any CPU
		{66C02B90-6625-41BF-875A-35BF1418C53B}.Release|x64.Build.0 = Release|Any CPU
		{66C02B90-6625-41BF-875A-35BF1418C53B}.Release|x86.ActiveCfg = Release|Any CPU
		{66C02B90-6625-41BF-875A-35BF1418C53B}.Release|x86.Build.0 = Release|Any CPU
		{A6FF4E12-DD4B-4B70-A30B-7D5966D3B7FD}.Debug|Any CPU.ActiveCfg = Debug|Any CPU
		{A6FF4E12-DD4B-4B70-A30B-7D5966D3B7FD}.Debug|Any CPU.Build.0 = Debug|Any CPU
		{A6FF4E12-DD4B-4B70-A30B-7D5966D3B7FD}.Debug|x64.ActiveCfg = Debug|Any CPU
		{A6FF4E12-DD4B-4B70-A30B-7D5966D3B7FD}.Debug|x64.Build.0 = Debug|Any CPU
		{A6FF4E12-DD4B-4B70-A30B-7D5966D3B7FD}.Debug|x86.ActiveCfg = Debug|Any CPU
		{A6FF4E12-DD4B-4B70-A30B-7D5966D3B7FD}.Debug|x86.Build.0 = Debug|Any CPU
		{A6FF4E12-DD4B-4B70-A30B-7D5966D3B7FD}.Release|Any CPU.ActiveCfg = Release|Any CPU
		{A6FF4E12-DD4B-4B70-A30B-7D5966D3B7FD}.Release|Any CPU.Build.0 = Release|Any CPU
		{A6FF4E12-DD4B-4B70-A30B-7D5966D3B7FD}.Release|x64.ActiveCfg = Release|Any CPU
		{A6FF4E12-DD4B-4B70-A30B-7D5966D3B7FD}.Release|x64.Build.0 = Release|Any CPU
		{A6FF4E12-DD4B-4B70-A30B-7D5966D3B7FD}.Release|x86.ActiveCfg = Release|Any CPU
		{A6FF4E12-DD4B-4B70-A30B-7D5966D3B7FD}.Release|x86.Build.0 = Release|Any CPU
		{6C200299-B936-4037-8D3F-43DA1104B52A}.Debug|Any CPU.ActiveCfg = Debug|Any CPU
		{6C200299-B936-4037-8D3F-43DA1104B52A}.Debug|Any CPU.Build.0 = Debug|Any CPU
		{6C200299-B936-4037-8D3F-43DA1104B52A}.Debug|x64.ActiveCfg = Debug|Any CPU
		{6C200299-B936-4037-8D3F-43DA1104B52A}.Debug|x64.Build.0 = Debug|Any CPU
		{6C200299-B936-4037-8D3F-43DA1104B52A}.Debug|x86.ActiveCfg = Debug|Any CPU
		{6C200299-B936-4037-8D3F-43DA1104B52A}.Debug|x86.Build.0 = Debug|Any CPU
		{6C200299-B936-4037-8D3F-43DA1104B52A}.Release|Any CPU.ActiveCfg = Release|Any CPU
		{6C200299-B936-4037-8D3F-43DA1104B52A}.Release|Any CPU.Build.0 = Release|Any CPU
		{6C200299-B936-4037-8D3F-43DA1104B52A}.Release|x64.ActiveCfg = Release|Any CPU
		{6C200299-B936-4037-8D3F-43DA1104B52A}.Release|x64.Build.0 = Release|Any CPU
		{6C200299-B936-4037-8D3F-43DA1104B52A}.Release|x86.ActiveCfg = Release|Any CPU
		{6C200299-B936-4037-8D3F-43DA1104B52A}.Release|x86.Build.0 = Release|Any CPU
		{2000981A-3268-4497-81B3-E801BF51D97B}.Debug|Any CPU.ActiveCfg = Debug|Any CPU
		{2000981A-3268-4497-81B3-E801BF51D97B}.Debug|Any CPU.Build.0 = Debug|Any CPU
		{2000981A-3268-4497-81B3-E801BF51D97B}.Debug|x64.ActiveCfg = Debug|Any CPU
		{2000981A-3268-4497-81B3-E801BF51D97B}.Debug|x64.Build.0 = Debug|Any CPU
		{2000981A-3268-4497-81B3-E801BF51D97B}.Debug|x86.ActiveCfg = Debug|Any CPU
		{2000981A-3268-4497-81B3-E801BF51D97B}.Debug|x86.Build.0 = Debug|Any CPU
		{2000981A-3268-4497-81B3-E801BF51D97B}.Release|Any CPU.ActiveCfg = Release|Any CPU
		{2000981A-3268-4497-81B3-E801BF51D97B}.Release|Any CPU.Build.0 = Release|Any CPU
		{2000981A-3268-4497-81B3-E801BF51D97B}.Release|x64.ActiveCfg = Release|Any CPU
		{2000981A-3268-4497-81B3-E801BF51D97B}.Release|x64.Build.0 = Release|Any CPU
		{2000981A-3268-4497-81B3-E801BF51D97B}.Release|x86.ActiveCfg = Release|Any CPU
		{2000981A-3268-4497-81B3-E801BF51D97B}.Release|x86.Build.0 = Release|Any CPU
		{378142AE-7B65-4EC7-AEE9-4A3FF13552FE}.Debug|Any CPU.ActiveCfg = Debug|Any CPU
		{378142AE-7B65-4EC7-AEE9-4A3FF13552FE}.Debug|Any CPU.Build.0 = Debug|Any CPU
		{378142AE-7B65-4EC7-AEE9-4A3FF13552FE}.Debug|x64.ActiveCfg = Debug|Any CPU
		{378142AE-7B65-4EC7-AEE9-4A3FF13552FE}.Debug|x64.Build.0 = Debug|Any CPU
		{378142AE-7B65-4EC7-AEE9-4A3FF13552FE}.Debug|x86.ActiveCfg = Debug|Any CPU
		{378142AE-7B65-4EC7-AEE9-4A3FF13552FE}.Debug|x86.Build.0 = Debug|Any CPU
		{378142AE-7B65-4EC7-AEE9-4A3FF13552FE}.Release|Any CPU.ActiveCfg = Release|Any CPU
		{378142AE-7B65-4EC7-AEE9-4A3FF13552FE}.Release|Any CPU.Build.0 = Release|Any CPU
		{378142AE-7B65-4EC7-AEE9-4A3FF13552FE}.Release|x64.ActiveCfg = Release|Any CPU
		{378142AE-7B65-4EC7-AEE9-4A3FF13552FE}.Release|x64.Build.0 = Release|Any CPU
		{378142AE-7B65-4EC7-AEE9-4A3FF13552FE}.Release|x86.ActiveCfg = Release|Any CPU
		{378142AE-7B65-4EC7-AEE9-4A3FF13552FE}.Release|x86.Build.0 = Release|Any CPU
		{9EC09DF5-C915-4F0D-A87D-735FA270F6EB}.Debug|Any CPU.ActiveCfg = Debug|Any CPU
		{9EC09DF5-C915-4F0D-A87D-735FA270F6EB}.Debug|Any CPU.Build.0 = Debug|Any CPU
		{9EC09DF5-C915-4F0D-A87D-735FA270F6EB}.Debug|x64.ActiveCfg = Debug|Any CPU
		{9EC09DF5-C915-4F0D-A87D-735FA270F6EB}.Debug|x64.Build.0 = Debug|Any CPU
		{9EC09DF5-C915-4F0D-A87D-735FA270F6EB}.Debug|x86.ActiveCfg = Debug|Any CPU
		{9EC09DF5-C915-4F0D-A87D-735FA270F6EB}.Debug|x86.Build.0 = Debug|Any CPU
		{9EC09DF5-C915-4F0D-A87D-735FA270F6EB}.Release|Any CPU.ActiveCfg = Release|Any CPU
		{9EC09DF5-C915-4F0D-A87D-735FA270F6EB}.Release|Any CPU.Build.0 = Release|Any CPU
		{9EC09DF5-C915-4F0D-A87D-735FA270F6EB}.Release|x64.ActiveCfg = Release|Any CPU
		{9EC09DF5-C915-4F0D-A87D-735FA270F6EB}.Release|x64.Build.0 = Release|Any CPU
		{9EC09DF5-C915-4F0D-A87D-735FA270F6EB}.Release|x86.ActiveCfg = Release|Any CPU
		{9EC09DF5-C915-4F0D-A87D-735FA270F6EB}.Release|x86.Build.0 = Release|Any CPU
		{40A8966C-CEEF-479C-9C0A-BBD9EDAA09FA}.Debug|Any CPU.ActiveCfg = Debug|Any CPU
		{40A8966C-CEEF-479C-9C0A-BBD9EDAA09FA}.Debug|Any CPU.Build.0 = Debug|Any CPU
		{40A8966C-CEEF-479C-9C0A-BBD9EDAA09FA}.Debug|x64.ActiveCfg = Debug|Any CPU
		{40A8966C-CEEF-479C-9C0A-BBD9EDAA09FA}.Debug|x64.Build.0 = Debug|Any CPU
		{40A8966C-CEEF-479C-9C0A-BBD9EDAA09FA}.Debug|x86.ActiveCfg = Debug|Any CPU
		{40A8966C-CEEF-479C-9C0A-BBD9EDAA09FA}.Debug|x86.Build.0 = Debug|Any CPU
		{40A8966C-CEEF-479C-9C0A-BBD9EDAA09FA}.Release|Any CPU.ActiveCfg = Release|Any CPU
		{40A8966C-CEEF-479C-9C0A-BBD9EDAA09FA}.Release|Any CPU.Build.0 = Release|Any CPU
		{40A8966C-CEEF-479C-9C0A-BBD9EDAA09FA}.Release|x64.ActiveCfg = Release|Any CPU
		{40A8966C-CEEF-479C-9C0A-BBD9EDAA09FA}.Release|x64.Build.0 = Release|Any CPU
		{40A8966C-CEEF-479C-9C0A-BBD9EDAA09FA}.Release|x86.ActiveCfg = Release|Any CPU
		{40A8966C-CEEF-479C-9C0A-BBD9EDAA09FA}.Release|x86.Build.0 = Release|Any CPU
		{A235FB63-913D-401D-9697-8824A849B40A}.Debug|Any CPU.ActiveCfg = Debug|Any CPU
		{A235FB63-913D-401D-9697-8824A849B40A}.Debug|Any CPU.Build.0 = Debug|Any CPU
		{A235FB63-913D-401D-9697-8824A849B40A}.Debug|x64.ActiveCfg = Debug|Any CPU
		{A235FB63-913D-401D-9697-8824A849B40A}.Debug|x64.Build.0 = Debug|Any CPU
		{A235FB63-913D-401D-9697-8824A849B40A}.Debug|x86.ActiveCfg = Debug|Any CPU
		{A235FB63-913D-401D-9697-8824A849B40A}.Debug|x86.Build.0 = Debug|Any CPU
		{A235FB63-913D-401D-9697-8824A849B40A}.Release|Any CPU.ActiveCfg = Release|Any CPU
		{A235FB63-913D-401D-9697-8824A849B40A}.Release|Any CPU.Build.0 = Release|Any CPU
		{A235FB63-913D-401D-9697-8824A849B40A}.Release|x64.ActiveCfg = Release|Any CPU
		{A235FB63-913D-401D-9697-8824A849B40A}.Release|x64.Build.0 = Release|Any CPU
		{A235FB63-913D-401D-9697-8824A849B40A}.Release|x86.ActiveCfg = Release|Any CPU
		{A235FB63-913D-401D-9697-8824A849B40A}.Release|x86.Build.0 = Release|Any CPU
		{818DA48F-28FE-4148-8C7C-4320BFC39D2B}.Debug|Any CPU.ActiveCfg = Debug|Any CPU
		{818DA48F-28FE-4148-8C7C-4320BFC39D2B}.Debug|Any CPU.Build.0 = Debug|Any CPU
		{818DA48F-28FE-4148-8C7C-4320BFC39D2B}.Debug|x64.ActiveCfg = Debug|Any CPU
		{818DA48F-28FE-4148-8C7C-4320BFC39D2B}.Debug|x64.Build.0 = Debug|Any CPU
		{818DA48F-28FE-4148-8C7C-4320BFC39D2B}.Debug|x86.ActiveCfg = Debug|Any CPU
		{818DA48F-28FE-4148-8C7C-4320BFC39D2B}.Debug|x86.Build.0 = Debug|Any CPU
		{818DA48F-28FE-4148-8C7C-4320BFC39D2B}.Release|Any CPU.ActiveCfg = Release|Any CPU
		{818DA48F-28FE-4148-8C7C-4320BFC39D2B}.Release|Any CPU.Build.0 = Release|Any CPU
		{818DA48F-28FE-4148-8C7C-4320BFC39D2B}.Release|x64.ActiveCfg = Release|Any CPU
		{818DA48F-28FE-4148-8C7C-4320BFC39D2B}.Release|x64.Build.0 = Release|Any CPU
		{818DA48F-28FE-4148-8C7C-4320BFC39D2B}.Release|x86.ActiveCfg = Release|Any CPU
		{818DA48F-28FE-4148-8C7C-4320BFC39D2B}.Release|x86.Build.0 = Release|Any CPU
		{78C92EAF-6BFD-463B-B79E-2BCA89652FDA}.Debug|Any CPU.ActiveCfg = Debug|Any CPU
		{78C92EAF-6BFD-463B-B79E-2BCA89652FDA}.Debug|Any CPU.Build.0 = Debug|Any CPU
		{78C92EAF-6BFD-463B-B79E-2BCA89652FDA}.Debug|x64.ActiveCfg = Debug|Any CPU
		{78C92EAF-6BFD-463B-B79E-2BCA89652FDA}.Debug|x64.Build.0 = Debug|Any CPU
		{78C92EAF-6BFD-463B-B79E-2BCA89652FDA}.Debug|x86.ActiveCfg = Debug|Any CPU
		{78C92EAF-6BFD-463B-B79E-2BCA89652FDA}.Debug|x86.Build.0 = Debug|Any CPU
		{78C92EAF-6BFD-463B-B79E-2BCA89652FDA}.Release|Any CPU.ActiveCfg = Release|Any CPU
		{78C92EAF-6BFD-463B-B79E-2BCA89652FDA}.Release|Any CPU.Build.0 = Release|Any CPU
		{78C92EAF-6BFD-463B-B79E-2BCA89652FDA}.Release|x64.ActiveCfg = Release|Any CPU
		{78C92EAF-6BFD-463B-B79E-2BCA89652FDA}.Release|x64.Build.0 = Release|Any CPU
		{78C92EAF-6BFD-463B-B79E-2BCA89652FDA}.Release|x86.ActiveCfg = Release|Any CPU
		{78C92EAF-6BFD-463B-B79E-2BCA89652FDA}.Release|x86.Build.0 = Release|Any CPU
		{4979225B-9496-40D1-AEBE-37DBF35EE3BB}.Debug|Any CPU.ActiveCfg = Debug|Any CPU
		{4979225B-9496-40D1-AEBE-37DBF35EE3BB}.Debug|Any CPU.Build.0 = Debug|Any CPU
		{4979225B-9496-40D1-AEBE-37DBF35EE3BB}.Debug|x64.ActiveCfg = Debug|Any CPU
		{4979225B-9496-40D1-AEBE-37DBF35EE3BB}.Debug|x64.Build.0 = Debug|Any CPU
		{4979225B-9496-40D1-AEBE-37DBF35EE3BB}.Debug|x86.ActiveCfg = Debug|Any CPU
		{4979225B-9496-40D1-AEBE-37DBF35EE3BB}.Debug|x86.Build.0 = Debug|Any CPU
		{4979225B-9496-40D1-AEBE-37DBF35EE3BB}.Release|Any CPU.ActiveCfg = Release|Any CPU
		{4979225B-9496-40D1-AEBE-37DBF35EE3BB}.Release|Any CPU.Build.0 = Release|Any CPU
		{4979225B-9496-40D1-AEBE-37DBF35EE3BB}.Release|x64.ActiveCfg = Release|Any CPU
		{4979225B-9496-40D1-AEBE-37DBF35EE3BB}.Release|x64.Build.0 = Release|Any CPU
		{4979225B-9496-40D1-AEBE-37DBF35EE3BB}.Release|x86.ActiveCfg = Release|Any CPU
		{4979225B-9496-40D1-AEBE-37DBF35EE3BB}.Release|x86.Build.0 = Release|Any CPU
	EndGlobalSection
	GlobalSection(SolutionProperties) = preSolution
		HideSolutionNode = FALSE
	EndGlobalSection
	GlobalSection(NestedProjects) = preSolution
		{F0FD2CD4-AD1B-47D2-A445-D0B2CC239197} = {827E0CD3-B72D-47B6-A68D-7590B98EB39B}
		{66C02B90-6625-41BF-875A-35BF1418C53B} = {827E0CD3-B72D-47B6-A68D-7590B98EB39B}
		{A6FF4E12-DD4B-4B70-A30B-7D5966D3B7FD} = {827E0CD3-B72D-47B6-A68D-7590B98EB39B}
		{6C200299-B936-4037-8D3F-43DA1104B52A} = {827E0CD3-B72D-47B6-A68D-7590B98EB39B}
		{2000981A-3268-4497-81B3-E801BF51D97B} = {827E0CD3-B72D-47B6-A68D-7590B98EB39B}
		{378142AE-7B65-4EC7-AEE9-4A3FF13552FE} = {827E0CD3-B72D-47B6-A68D-7590B98EB39B}
		{9EC09DF5-C915-4F0D-A87D-735FA270F6EB} = {827E0CD3-B72D-47B6-A68D-7590B98EB39B}
		{40A8966C-CEEF-479C-9C0A-BBD9EDAA09FA} = {827E0CD3-B72D-47B6-A68D-7590B98EB39B}
		{A235FB63-913D-401D-9697-8824A849B40A} = {0AB3BF05-4346-4AA6-1389-037BE0695223}
		{818DA48F-28FE-4148-8C7C-4320BFC39D2B} = {0AB3BF05-4346-4AA6-1389-037BE0695223}
		{78C92EAF-6BFD-463B-B79E-2BCA89652FDA} = {0AB3BF05-4346-4AA6-1389-037BE0695223}
		{4979225B-9496-40D1-AEBE-37DBF35EE3BB} = {0AB3BF05-4346-4AA6-1389-037BE0695223}
	EndGlobalSection
EndGlobal
